<?xml version="1.0" encoding="UTF-8" standalone="yes" ?>
<CodeBlocks_project_file>
	<FileVersion major="1" minor="6" />
	<Project>
		<Option title="DAMIS_WebService" />
		<Option pch_mode="2" />
		<Option compiler="gcc" />
		<Build>
			<Target title="Debug">
				<Option output="bin/Debug/DAMIS_WebService" prefix_auto="1" extension_auto="1" />
				<Option object_output="obj/Debug/" />
				<Option type="1" />
				<Option compiler="gcc" />
				<Compiler>
					<Add option="-g" />
				</Compiler>
			</Target>
			<Target title="Release">
				<Option output="bin/Release/DAMIS_WebService" prefix_auto="1" extension_auto="1" />
				<Option object_output="obj/Release/" />
				<Option type="1" />
				<Option compiler="gcc" />
				<Compiler>
					<Add option="-O2" />
				</Compiler>
				<Linker>
					<Add option="-s" />
				</Linker>
			</Target>
			<Target title="Test">
				<Option output="DAMIS_WebService" prefix_auto="1" extension_auto="1" />
				<Option type="1" />
				<Option compiler="gcc" />
			</Target>
		</Build>
		<Compiler>
			<Add option="-Wall" />
		</Compiler>
		<Unit filename="ArffFile.cpp" />
		<Unit filename="ArffFile.h" />
		<Unit filename="CGIvars/getcgivars.cpp">
			<Option target="Release" />
			<Option target="Debug" />
		</Unit>
		<Unit filename="CGIvars/getcgivars.h">
			<Option target="Release" />
			<Option target="Debug" />
		</Unit>
		<Unit filename="CallCalculus.cpp">
			<Option target="Release" />
			<Option target="Debug" />
		</Unit>
		<Unit filename="CallCalculus.h">
			<Option target="Release" />
			<Option target="Debug" />
		</Unit>
		<Unit filename="ClassificationGrouping.cpp">
			<Option target="Release" />
			<Option target="Debug" />
		</Unit>
		<Unit filename="ClassificationGrouping.h">
			<Option target="Release" />
			<Option target="Debug" />
		</Unit>
		<Unit filename="DamisFile.cpp" />
		<Unit filename="DamisFile.h" />
		<Unit filename="DimensionReduction.cpp">
			<Option target="Release" />
			<Option target="Debug" />
		</Unit>
		<Unit filename="DimensionReduction.h">
			<Option target="Release" />
			<Option target="Debug" />
		</Unit>
		<Unit filename="ErrorResponse.cpp" />
		<Unit filename="ErrorResponse.h" />
		<Unit filename="HelperMethods.cpp" />
		<Unit filename="HelperMethods.h" />
		<Unit filename="InitDamisService.cpp" />
		<Unit filename="InitDamisService.h" />
		<Unit filename="InitDamisServiceFile.cpp">
			<Option target="Release" />
			<Option target="Debug" />
		</Unit>
		<Unit filename="InitDamisServiceFile.h">
			<Option target="Release" />
			<Option target="Debug" />
		</Unit>
		<Unit filename="Preprocess.cpp" />
		<Unit filename="Preprocess.h" />
		<Unit filename="README.md">
			<Option target="Release" />
			<Option target="Debug" />
		</Unit>
		<Unit filename="ServeRequest.cpp" />
		<Unit filename="ServeRequest.h" />
		<Unit filename="ServiceSettings.cpp" />
		<Unit filename="ServiceSettings.h" />
		<Unit filename="Statistics.cpp" />
		<Unit filename="Statistics.h" />
		<Unit filename="ValidateParams.cpp">
			<Option target="Release" />
			<Option target="Debug" />
		</Unit>
		<Unit filename="ValidateParams.h">
			<Option target="Release" />
			<Option target="Debug" />
		</Unit>
		<Unit filename="curl/curl.h">
			<Option target="Release" />
			<Option target="Debug" />
		</Unit>
		<Unit filename="curl/curlbuild.h">
			<Option target="Release" />
			<Option target="Debug" />
		</Unit>
		<Unit filename="curl/curlrules.h">
			<Option target="Release" />
			<Option target="Debug" />
		</Unit>
		<Unit filename="curl/curlver.h">
			<Option target="Release" />
			<Option target="Debug" />
		</Unit>
		<Unit filename="curl/easy.h">
			<Option target="Release" />
			<Option target="Debug" />
		</Unit>
		<Unit filename="curl/mprintf.h">
			<Option target="Release" />
			<Option target="Debug" />
		</Unit>
		<Unit filename="curl/multi.h">
			<Option target="Release" />
			<Option target="Debug" />
		</Unit>
		<Unit filename="curl/stdcheaders.h">
			<Option target="Release" />
			<Option target="Debug" />
		</Unit>
		<Unit filename="curl/typecheck-gcc.h">
			<Option target="Release" />
			<Option target="Debug" />
		</Unit>
		<Unit filename="gsoap/soapC.cpp">
			<Option target="Release" />
			<Option target="Debug" />
		</Unit>
		<Unit filename="gsoap/soapDAMISService.cpp">
			<Option target="Release" />
			<Option target="Debug" />
		</Unit>
		<Unit filename="gsoap/soapDAMISService.h">
			<Option target="Release" />
			<Option target="Debug" />
		</Unit>
		<Unit filename="gsoap/soapH.h">
			<Option target="Release" />
			<Option target="Debug" />
		</Unit>
		<Unit filename="gsoap/soapStub.h">
			<Option target="Release" />
			<Option target="Debug" />
		</Unit>
		<Unit filename="gsoap/stdsoap2.cpp">
			<Option target="Release" />
			<Option target="Debug" />
		</Unit>
		<Unit filename="gsoap/stdsoap2.h">
			<Option target="Release" />
			<Option target="Debug" />
		</Unit>
		<Unit filename="logging/easylogging++.h" />
		<Unit filename="logging/easylogging++3.h" />
		<Unit filename="main.cpp">
			<Option target="Release" />
			<Option target="Debug" />
		</Unit>
		<Unit filename="test/PreprocessTests.cpp">
			<Option target="Test" />
		</Unit>
		<Unit filename="test/SanityCheck.cpp">
			<Option target="Test" />
		</Unit>
		<Unit filename="test/main.cpp">
			<Option target="Test" />
		</Unit>
		<Extensions>
			<code_completion />
			<debugger />
		</Extensions>
	</Project>
</CodeBlocks_project_file>
